// !$*UTF8*$!
{
	archiveVersion = 1;
	classes = {
	};
	objectVersion = 51;
	objects = {

/* Begin PBXBuildFile section */
		2ACFD4B852590ACBF31D7E15 /* Pods_KChatiOS.framework in Frameworks */ = {isa = PBXBuildFile; fileRef = B7A99E6ECF3190B0757E66F6 /* Pods_KChatiOS.framework */; };
		DB2D49BE26BBBFEA00913A5E /* SettingsPresenter.swift in Sources */ = {isa = PBXBuildFile; fileRef = DB2D49BD26BBBFEA00913A5E /* SettingsPresenter.swift */; };
		DB2D49C126BBC05800913A5E /* Presenter.swift in Sources */ = {isa = PBXBuildFile; fileRef = DB2D49C026BBC05800913A5E /* Presenter.swift */; };
		DB2D49C726BBC2AE00913A5E /* BaseViewController.swift in Sources */ = {isa = PBXBuildFile; fileRef = DB2D49C626BBC2AE00913A5E /* BaseViewController.swift */; };
		DB90004E26B5030C003923DA /* AppDelegate.swift in Sources */ = {isa = PBXBuildFile; fileRef = DB90004D26B5030C003923DA /* AppDelegate.swift */; };
		DB90005026B5030C003923DA /* SceneDelegate.swift in Sources */ = {isa = PBXBuildFile; fileRef = DB90004F26B5030C003923DA /* SceneDelegate.swift */; };
		DB90005226B5030C003923DA /* SettingsViewController.swift in Sources */ = {isa = PBXBuildFile; fileRef = DB90005126B5030C003923DA /* SettingsViewController.swift */; };
		DB90005526B5030C003923DA /* Main.storyboard in Resources */ = {isa = PBXBuildFile; fileRef = DB90005326B5030C003923DA /* Main.storyboard */; };
		DB90005826B5030C003923DA /* KChatiOS.xcdatamodeld in Sources */ = {isa = PBXBuildFile; fileRef = DB90005626B5030C003923DA /* KChatiOS.xcdatamodeld */; };
		DB90005A26B5030E003923DA /* Assets.xcassets in Resources */ = {isa = PBXBuildFile; fileRef = DB90005926B5030E003923DA /* Assets.xcassets */; };
		DB90005D26B5030E003923DA /* LaunchScreen.storyboard in Resources */ = {isa = PBXBuildFile; fileRef = DB90005B26B5030E003923DA /* LaunchScreen.storyboard */; };
		DB90006826B5030E003923DA /* KChatiOSTests.swift in Sources */ = {isa = PBXBuildFile; fileRef = DB90006726B5030E003923DA /* KChatiOSTests.swift */; };
		DB90007326B5030E003923DA /* KChatiOSUITests.swift in Sources */ = {isa = PBXBuildFile; fileRef = DB90007226B5030E003923DA /* KChatiOSUITests.swift */; };
		DB90008126B509DB003923DA /* multicore.framework in Frameworks */ = {isa = PBXBuildFile; fileRef = DB90008026B509DB003923DA /* multicore.framework */; };
		DB90008226B509DB003923DA /* multicore.framework in Embed Frameworks */ = {isa = PBXBuildFile; fileRef = DB90008026B509DB003923DA /* multicore.framework */; settings = {ATTRIBUTES = (CodeSignOnCopy, RemoveHeadersOnCopy, ); }; };
		DBDFDDF626D6EDC300E0D9E9 /* KChatComponent.swift in Sources */ = {isa = PBXBuildFile; fileRef = DBDFDDF526D6EDC300E0D9E9 /* KChatComponent.swift */; };
		DBDFDDFA26D6F53C00E0D9E9 /* RemoteUserRepository.swift in Sources */ = {isa = PBXBuildFile; fileRef = DBDFDDF926D6F53C00E0D9E9 /* RemoteUserRepository.swift */; };
		DBDFDDFC26D6F58E00E0D9E9 /* LocalUserPreferences.swift in Sources */ = {isa = PBXBuildFile; fileRef = DBDFDDFB26D6F58E00E0D9E9 /* LocalUserPreferences.swift */; };
		F634681E49B93296880A0C43 /* Pods_KChatiOSTests.framework in Frameworks */ = {isa = PBXBuildFile; fileRef = 8D4705FEE7527186B8BFB79F /* Pods_KChatiOSTests.framework */; };
		FF8F8026EE7551072E992AE9 /* Pods_KChatiOS_KChatiOSUITests.framework in Frameworks */ = {isa = PBXBuildFile; fileRef = BA710FC4151E4D1C041CE817 /* Pods_KChatiOS_KChatiOSUITests.framework */; };
/* End PBXBuildFile section */

/* Begin PBXContainerItemProxy section */
		DB90006426B5030E003923DA /* PBXContainerItemProxy */ = {
			isa = PBXContainerItemProxy;
			containerPortal = DB90004226B5030C003923DA /* Project object */;
			proxyType = 1;
			remoteGlobalIDString = DB90004926B5030C003923DA;
			remoteInfo = KChatiOS;
		};
		DB90006F26B5030E003923DA /* PBXContainerItemProxy */ = {
			isa = PBXContainerItemProxy;
			containerPortal = DB90004226B5030C003923DA /* Project object */;
			proxyType = 1;
			remoteGlobalIDString = DB90004926B5030C003923DA;
			remoteInfo = KChatiOS;
		};
/* End PBXContainerItemProxy section */

/* Begin PBXCopyFilesBuildPhase section */
		DB90008326B509DB003923DA /* Embed Frameworks */ = {
			isa = PBXCopyFilesBuildPhase;
			buildActionMask = 2147483647;
			dstPath = "";
			dstSubfolderSpec = 10;
			files = (
				DB90008226B509DB003923DA /* multicore.framework in Embed Frameworks */,
			);
			name = "Embed Frameworks";
			runOnlyForDeploymentPostprocessing = 0;
		};
/* End PBXCopyFilesBuildPhase section */

/* Begin PBXFileReference section */
		10C7AD5CFBA4A16513E29207 /* Pods-KChatiOS.debug.xcconfig */ = {isa = PBXFileReference; includeInIndex = 1; lastKnownFileType = text.xcconfig; name = "Pods-KChatiOS.debug.xcconfig"; path = "Target Support Files/Pods-KChatiOS/Pods-KChatiOS.debug.xcconfig"; sourceTree = "<group>"; };
		8D4705FEE7527186B8BFB79F /* Pods_KChatiOSTests.framework */ = {isa = PBXFileReference; explicitFileType = wrapper.framework; includeInIndex = 0; path = Pods_KChatiOSTests.framework; sourceTree = BUILT_PRODUCTS_DIR; };
		96FD446F4A49FA698355DB9C /* Pods-KChatiOS-KChatiOSUITests.debug.xcconfig */ = {isa = PBXFileReference; includeInIndex = 1; lastKnownFileType = text.xcconfig; name = "Pods-KChatiOS-KChatiOSUITests.debug.xcconfig"; path = "Target Support Files/Pods-KChatiOS-KChatiOSUITests/Pods-KChatiOS-KChatiOSUITests.debug.xcconfig"; sourceTree = "<group>"; };
		A2857D505ED5C0F403CDB8EB /* Pods-KChatiOSTests.debug.xcconfig */ = {isa = PBXFileReference; includeInIndex = 1; lastKnownFileType = text.xcconfig; name = "Pods-KChatiOSTests.debug.xcconfig"; path = "Target Support Files/Pods-KChatiOSTests/Pods-KChatiOSTests.debug.xcconfig"; sourceTree = "<group>"; };
		B0F0873F77056466FEDD4BC8 /* Pods-KChatiOS.release.xcconfig */ = {isa = PBXFileReference; includeInIndex = 1; lastKnownFileType = text.xcconfig; name = "Pods-KChatiOS.release.xcconfig"; path = "Target Support Files/Pods-KChatiOS/Pods-KChatiOS.release.xcconfig"; sourceTree = "<group>"; };
		B7A99E6ECF3190B0757E66F6 /* Pods_KChatiOS.framework */ = {isa = PBXFileReference; explicitFileType = wrapper.framework; includeInIndex = 0; path = Pods_KChatiOS.framework; sourceTree = BUILT_PRODUCTS_DIR; };
		BA710FC4151E4D1C041CE817 /* Pods_KChatiOS_KChatiOSUITests.framework */ = {isa = PBXFileReference; explicitFileType = wrapper.framework; includeInIndex = 0; path = Pods_KChatiOS_KChatiOSUITests.framework; sourceTree = BUILT_PRODUCTS_DIR; };
		BCF3587E15B3C79BEBDFEB19 /* Pods-KChatiOSTests.release.xcconfig */ = {isa = PBXFileReference; includeInIndex = 1; lastKnownFileType = text.xcconfig; name = "Pods-KChatiOSTests.release.xcconfig"; path = "Target Support Files/Pods-KChatiOSTests/Pods-KChatiOSTests.release.xcconfig"; sourceTree = "<group>"; };
		BD8863B024627CD5FCF0E6C2 /* Pods-KChatiOS-KChatiOSUITests.release.xcconfig */ = {isa = PBXFileReference; includeInIndex = 1; lastKnownFileType = text.xcconfig; name = "Pods-KChatiOS-KChatiOSUITests.release.xcconfig"; path = "Target Support Files/Pods-KChatiOS-KChatiOSUITests/Pods-KChatiOS-KChatiOSUITests.release.xcconfig"; sourceTree = "<group>"; };
		DB2D49BD26BBBFEA00913A5E /* SettingsPresenter.swift */ = {isa = PBXFileReference; lastKnownFileType = sourcecode.swift; path = SettingsPresenter.swift; sourceTree = "<group>"; };
		DB2D49C026BBC05800913A5E /* Presenter.swift */ = {isa = PBXFileReference; lastKnownFileType = sourcecode.swift; path = Presenter.swift; sourceTree = "<group>"; };
		DB2D49C626BBC2AE00913A5E /* BaseViewController.swift */ = {isa = PBXFileReference; lastKnownFileType = sourcecode.swift; path = BaseViewController.swift; sourceTree = "<group>"; };
		DB90004A26B5030C003923DA /* KChatiOS.app */ = {isa = PBXFileReference; explicitFileType = wrapper.application; includeInIndex = 0; path = KChatiOS.app; sourceTree = BUILT_PRODUCTS_DIR; };
		DB90004D26B5030C003923DA /* AppDelegate.swift */ = {isa = PBXFileReference; lastKnownFileType = sourcecode.swift; path = AppDelegate.swift; sourceTree = "<group>"; };
		DB90004F26B5030C003923DA /* SceneDelegate.swift */ = {isa = PBXFileReference; lastKnownFileType = sourcecode.swift; path = SceneDelegate.swift; sourceTree = "<group>"; };
		DB90005126B5030C003923DA /* SettingsViewController.swift */ = {isa = PBXFileReference; lastKnownFileType = sourcecode.swift; path = SettingsViewController.swift; sourceTree = "<group>"; };
		DB90005426B5030C003923DA /* Base */ = {isa = PBXFileReference; lastKnownFileType = file.storyboard; name = Base; path = Base.lproj/Main.storyboard; sourceTree = "<group>"; };
		DB90005726B5030C003923DA /* KChatiOS.xcdatamodel */ = {isa = PBXFileReference; lastKnownFileType = wrapper.xcdatamodel; path = KChatiOS.xcdatamodel; sourceTree = "<group>"; };
		DB90005926B5030E003923DA /* Assets.xcassets */ = {isa = PBXFileReference; lastKnownFileType = folder.assetcatalog; path = Assets.xcassets; sourceTree = "<group>"; };
		DB90005C26B5030E003923DA /* Base */ = {isa = PBXFileReference; lastKnownFileType = file.storyboard; name = Base; path = Base.lproj/LaunchScreen.storyboard; sourceTree = "<group>"; };
		DB90005E26B5030E003923DA /* Info.plist */ = {isa = PBXFileReference; lastKnownFileType = text.plist.xml; path = Info.plist; sourceTree = "<group>"; };
		DB90006326B5030E003923DA /* KChatiOSTests.xctest */ = {isa = PBXFileReference; explicitFileType = wrapper.cfbundle; includeInIndex = 0; path = KChatiOSTests.xctest; sourceTree = BUILT_PRODUCTS_DIR; };
		DB90006726B5030E003923DA /* KChatiOSTests.swift */ = {isa = PBXFileReference; lastKnownFileType = sourcecode.swift; path = KChatiOSTests.swift; sourceTree = "<group>"; };
		DB90006926B5030E003923DA /* Info.plist */ = {isa = PBXFileReference; lastKnownFileType = text.plist.xml; path = Info.plist; sourceTree = "<group>"; };
		DB90006E26B5030E003923DA /* KChatiOSUITests.xctest */ = {isa = PBXFileReference; explicitFileType = wrapper.cfbundle; includeInIndex = 0; path = KChatiOSUITests.xctest; sourceTree = BUILT_PRODUCTS_DIR; };
		DB90007226B5030E003923DA /* KChatiOSUITests.swift */ = {isa = PBXFileReference; lastKnownFileType = sourcecode.swift; path = KChatiOSUITests.swift; sourceTree = "<group>"; };
		DB90007426B5030E003923DA /* Info.plist */ = {isa = PBXFileReference; lastKnownFileType = text.plist.xml; path = Info.plist; sourceTree = "<group>"; };
		DB90008026B509DB003923DA /* multicore.framework */ = {isa = PBXFileReference; lastKnownFileType = wrapper.framework; name = multicore.framework; path = ../KChatShared/multicore/build/cocoapods/framework/multicore.framework; sourceTree = "<group>"; };
		DBDFDDF526D6EDC300E0D9E9 /* KChatComponent.swift */ = {isa = PBXFileReference; lastKnownFileType = sourcecode.swift; path = KChatComponent.swift; sourceTree = "<group>"; };
		DBDFDDF926D6F53C00E0D9E9 /* RemoteUserRepository.swift */ = {isa = PBXFileReference; lastKnownFileType = sourcecode.swift; path = RemoteUserRepository.swift; sourceTree = "<group>"; };
		DBDFDDFB26D6F58E00E0D9E9 /* LocalUserPreferences.swift */ = {isa = PBXFileReference; lastKnownFileType = sourcecode.swift; path = LocalUserPreferences.swift; sourceTree = "<group>"; };
/* End PBXFileReference section */

/* Begin PBXFrameworksBuildPhase section */
		DB90004726B5030C003923DA /* Frameworks */ = {
			isa = PBXFrameworksBuildPhase;
			buildActionMask = 2147483647;
			files = (
				DB90008126B509DB003923DA /* multicore.framework in Frameworks */,
				2ACFD4B852590ACBF31D7E15 /* Pods_KChatiOS.framework in Frameworks */,
			);
			runOnlyForDeploymentPostprocessing = 0;
		};
		DB90006026B5030E003923DA /* Frameworks */ = {
			isa = PBXFrameworksBuildPhase;
			buildActionMask = 2147483647;
			files = (
				F634681E49B93296880A0C43 /* Pods_KChatiOSTests.framework in Frameworks */,
			);
			runOnlyForDeploymentPostprocessing = 0;
		};
		DB90006B26B5030E003923DA /* Frameworks */ = {
			isa = PBXFrameworksBuildPhase;
			buildActionMask = 2147483647;
			files = (
				FF8F8026EE7551072E992AE9 /* Pods_KChatiOS_KChatiOSUITests.framework in Frameworks */,
			);
			runOnlyForDeploymentPostprocessing = 0;
		};
/* End PBXFrameworksBuildPhase section */

/* Begin PBXGroup section */
		3579119E422FF63D0DE2156C /* Pods */ = {
			isa = PBXGroup;
			children = (
				10C7AD5CFBA4A16513E29207 /* Pods-KChatiOS.debug.xcconfig */,
				B0F0873F77056466FEDD4BC8 /* Pods-KChatiOS.release.xcconfig */,
				96FD446F4A49FA698355DB9C /* Pods-KChatiOS-KChatiOSUITests.debug.xcconfig */,
				BD8863B024627CD5FCF0E6C2 /* Pods-KChatiOS-KChatiOSUITests.release.xcconfig */,
				A2857D505ED5C0F403CDB8EB /* Pods-KChatiOSTests.debug.xcconfig */,
				BCF3587E15B3C79BEBDFEB19 /* Pods-KChatiOSTests.release.xcconfig */,
			);
			path = Pods;
			sourceTree = "<group>";
		};
		C5111AC6D68A7C5F390443FE /* Frameworks */ = {
			isa = PBXGroup;
			children = (
				DB90008026B509DB003923DA /* multicore.framework */,
				B7A99E6ECF3190B0757E66F6 /* Pods_KChatiOS.framework */,
				BA710FC4151E4D1C041CE817 /* Pods_KChatiOS_KChatiOSUITests.framework */,
				8D4705FEE7527186B8BFB79F /* Pods_KChatiOSTests.framework */,
			);
			name = Frameworks;
			sourceTree = "<group>";
		};
		DB2D49BF26BBBFF700913A5E /* settings */ = {
			isa = PBXGroup;
			children = (
				DB90005126B5030C003923DA /* SettingsViewController.swift */,
				DB2D49BD26BBBFEA00913A5E /* SettingsPresenter.swift */,
			);
			path = settings;
			sourceTree = "<group>";
		};
		DB2D49C226BBC06100913A5E /* base */ = {
			isa = PBXGroup;
			children = (
				DB2D49C026BBC05800913A5E /* Presenter.swift */,
				DB2D49C626BBC2AE00913A5E /* BaseViewController.swift */,
			);
			path = base;
			sourceTree = "<group>";
		};
		DB2D49C426BBC09000913A5E /* ui */ = {
			isa = PBXGroup;
			children = (
				DB2D49C526BBC0F800913A5E /* chat */,
				DB2D49C226BBC06100913A5E /* base */,
				DB2D49BF26BBBFF700913A5E /* settings */,
			);
			path = ui;
			sourceTree = "<group>";
		};
		DB2D49C526BBC0F800913A5E /* chat */ = {
			isa = PBXGroup;
			children = (
			);
			path = chat;
			sourceTree = "<group>";
		};
		DB90004126B5030C003923DA = {
			isa = PBXGroup;
			children = (
				DB90004C26B5030C003923DA /* KChatiOS */,
				DB90006626B5030E003923DA /* KChatiOSTests */,
				DB90007126B5030E003923DA /* KChatiOSUITests */,
				DB90004B26B5030C003923DA /* Products */,
				3579119E422FF63D0DE2156C /* Pods */,
				C5111AC6D68A7C5F390443FE /* Frameworks */,
			);
			sourceTree = "<group>";
		};
		DB90004B26B5030C003923DA /* Products */ = {
			isa = PBXGroup;
			children = (
				DB90004A26B5030C003923DA /* KChatiOS.app */,
				DB90006326B5030E003923DA /* KChatiOSTests.xctest */,
				DB90006E26B5030E003923DA /* KChatiOSUITests.xctest */,
			);
			name = Products;
			sourceTree = "<group>";
		};
		DB90004C26B5030C003923DA /* KChatiOS */ = {
			isa = PBXGroup;
			children = (
				DBDFDDF826D6F52200E0D9E9 /* platform */,
				DBDFDDF726D6F51600E0D9E9 /* remote */,
				DBDFDDF426D6ED9A00E0D9E9 /* di */,
				DB2D49C426BBC09000913A5E /* ui */,
				DB90004D26B5030C003923DA /* AppDelegate.swift */,
				DB90004F26B5030C003923DA /* SceneDelegate.swift */,
				DB90005326B5030C003923DA /* Main.storyboard */,
				DB90005926B5030E003923DA /* Assets.xcassets */,
				DB90005B26B5030E003923DA /* LaunchScreen.storyboard */,
				DB90005E26B5030E003923DA /* Info.plist */,
				DB90005626B5030C003923DA /* KChatiOS.xcdatamodeld */,
			);
			path = KChatiOS;
			sourceTree = "<group>";
		};
		DB90006626B5030E003923DA /* KChatiOSTests */ = {
			isa = PBXGroup;
			children = (
				DB90006726B5030E003923DA /* KChatiOSTests.swift */,
				DB90006926B5030E003923DA /* Info.plist */,
			);
			path = KChatiOSTests;
			sourceTree = "<group>";
		};
		DB90007126B5030E003923DA /* KChatiOSUITests */ = {
			isa = PBXGroup;
			children = (
				DB90007226B5030E003923DA /* KChatiOSUITests.swift */,
				DB90007426B5030E003923DA /* Info.plist */,
			);
			path = KChatiOSUITests;
			sourceTree = "<group>";
		};
		DBDFDDF426D6ED9A00E0D9E9 /* di */ = {
			isa = PBXGroup;
			children = (
				DBDFDDF526D6EDC300E0D9E9 /* KChatComponent.swift */,
			);
			path = di;
			sourceTree = "<group>";
		};
		DBDFDDF726D6F51600E0D9E9 /* remote */ = {
			isa = PBXGroup;
			children = (
				DBDFDDF926D6F53C00E0D9E9 /* RemoteUserRepository.swift */,
			);
			path = remote;
			sourceTree = "<group>";
		};
		DBDFDDF826D6F52200E0D9E9 /* platform */ = {
			isa = PBXGroup;
			children = (
				DBDFDDFB26D6F58E00E0D9E9 /* LocalUserPreferences.swift */,
			);
			path = platform;
			sourceTree = "<group>";
		};
/* End PBXGroup section */

/* Begin PBXNativeTarget section */
		DB90004926B5030C003923DA /* KChatiOS */ = {
			isa = PBXNativeTarget;
			buildConfigurationList = DB90007726B5030E003923DA /* Build configuration list for PBXNativeTarget "KChatiOS" */;
			buildPhases = (
				9BFCE428F376F49B78B543D9 /* [CP] Check Pods Manifest.lock */,
				DB90004626B5030C003923DA /* Sources */,
				DB90004726B5030C003923DA /* Frameworks */,
				DB90004826B5030C003923DA /* Resources */,
				DB90008326B509DB003923DA /* Embed Frameworks */,
				EF023FDC1321D2CEB779B184 /* [CP] Embed Pods Frameworks */,
			);
			buildRules = (
			);
			dependencies = (
			);
			name = KChatiOS;
			productName = KChatiOS;
			productReference = DB90004A26B5030C003923DA /* KChatiOS.app */;
			productType = "com.apple.product-type.application";
		};
		DB90006226B5030E003923DA /* KChatiOSTests */ = {
			isa = PBXNativeTarget;
			buildConfigurationList = DB90007A26B5030E003923DA /* Build configuration list for PBXNativeTarget "KChatiOSTests" */;
			buildPhases = (
				230F72BF0C2D4B1838D8B92F /* [CP] Check Pods Manifest.lock */,
				DB90005F26B5030E003923DA /* Sources */,
				DB90006026B5030E003923DA /* Frameworks */,
				DB90006126B5030E003923DA /* Resources */,
			);
			buildRules = (
			);
			dependencies = (
				DB90006526B5030E003923DA /* PBXTargetDependency */,
			);
			name = KChatiOSTests;
			productName = KChatiOSTests;
			productReference = DB90006326B5030E003923DA /* KChatiOSTests.xctest */;
			productType = "com.apple.product-type.bundle.unit-test";
		};
		DB90006D26B5030E003923DA /* KChatiOSUITests */ = {
			isa = PBXNativeTarget;
			buildConfigurationList = DB90007D26B5030E003923DA /* Build configuration list for PBXNativeTarget "KChatiOSUITests" */;
			buildPhases = (
				DA2A316DF50F5E56186A4058 /* [CP] Check Pods Manifest.lock */,
				DB90006A26B5030E003923DA /* Sources */,
				DB90006B26B5030E003923DA /* Frameworks */,
				DB90006C26B5030E003923DA /* Resources */,
				414FE66CFA3C29C015EB8F47 /* [CP] Embed Pods Frameworks */,
			);
			buildRules = (
			);
			dependencies = (
				DB90007026B5030E003923DA /* PBXTargetDependency */,
			);
			name = KChatiOSUITests;
			productName = KChatiOSUITests;
			productReference = DB90006E26B5030E003923DA /* KChatiOSUITests.xctest */;
			productType = "com.apple.product-type.bundle.ui-testing";
		};
/* End PBXNativeTarget section */

/* Begin PBXProject section */
		DB90004226B5030C003923DA /* Project object */ = {
			isa = PBXProject;
			attributes = {
				LastSwiftUpdateCheck = 1150;
				LastUpgradeCheck = 1150;
				ORGANIZATIONNAME = "Sterling, Inc";
				TargetAttributes = {
					DB90004926B5030C003923DA = {
						CreatedOnToolsVersion = 11.5;
					};
					DB90006226B5030E003923DA = {
						CreatedOnToolsVersion = 11.5;
						TestTargetID = DB90004926B5030C003923DA;
					};
					DB90006D26B5030E003923DA = {
						CreatedOnToolsVersion = 11.5;
						TestTargetID = DB90004926B5030C003923DA;
					};
				};
			};
			buildConfigurationList = DB90004526B5030C003923DA /* Build configuration list for PBXProject "KChatiOS" */;
			compatibilityVersion = "Xcode 9.3";
			developmentRegion = en;
			hasScannedForEncodings = 0;
			knownRegions = (
				en,
				Base,
			);
			mainGroup = DB90004126B5030C003923DA;
			productRefGroup = DB90004B26B5030C003923DA /* Products */;
			projectDirPath = "";
			projectRoot = "";
			targets = (
				DB90004926B5030C003923DA /* KChatiOS */,
				DB90006226B5030E003923DA /* KChatiOSTests */,
				DB90006D26B5030E003923DA /* KChatiOSUITests */,
			);
		};
/* End PBXProject section */

/* Begin PBXResourcesBuildPhase section */
		DB90004826B5030C003923DA /* Resources */ = {
			isa = PBXResourcesBuildPhase;
			buildActionMask = 2147483647;
			files = (
				DB90005D26B5030E003923DA /* LaunchScreen.storyboard in Resources */,
				DB90005A26B5030E003923DA /* Assets.xcassets in Resources */,
				DB90005526B5030C003923DA /* Main.storyboard in Resources */,
			);
			runOnlyForDeploymentPostprocessing = 0;
		};
		DB90006126B5030E003923DA /* Resources */ = {
			isa = PBXResourcesBuildPhase;
			buildActionMask = 2147483647;
			files = (
			);
			runOnlyForDeploymentPostprocessing = 0;
		};
		DB90006C26B5030E003923DA /* Resources */ = {
			isa = PBXResourcesBuildPhase;
			buildActionMask = 2147483647;
			files = (
			);
			runOnlyForDeploymentPostprocessing = 0;
		};
/* End PBXResourcesBuildPhase section */

/* Begin PBXShellScriptBuildPhase section */
		230F72BF0C2D4B1838D8B92F /* [CP] Check Pods Manifest.lock */ = {
			isa = PBXShellScriptBuildPhase;
			buildActionMask = 2147483647;
			files = (
			);
			inputFileListPaths = (
			);
			inputPaths = (
				"${PODS_PODFILE_DIR_PATH}/Podfile.lock",
				"${PODS_ROOT}/Manifest.lock",
			);
			name = "[CP] Check Pods Manifest.lock";
			outputFileListPaths = (
			);
			outputPaths = (
				"$(DERIVED_FILE_DIR)/Pods-KChatiOSTests-checkManifestLockResult.txt",
			);
			runOnlyForDeploymentPostprocessing = 0;
			shellPath = /bin/sh;
			shellScript = "diff \"${PODS_PODFILE_DIR_PATH}/Podfile.lock\" \"${PODS_ROOT}/Manifest.lock\" > /dev/null\nif [ $? != 0 ] ; then\n    # print error to STDERR\n    echo \"error: The sandbox is not in sync with the Podfile.lock. Run 'pod install' or update your CocoaPods installation.\" >&2\n    exit 1\nfi\n# This output is used by Xcode 'outputs' to avoid re-running this script phase.\necho \"SUCCESS\" > \"${SCRIPT_OUTPUT_FILE_0}\"\n";
			showEnvVarsInLog = 0;
		};
		414FE66CFA3C29C015EB8F47 /* [CP] Embed Pods Frameworks */ = {
			isa = PBXShellScriptBuildPhase;
			buildActionMask = 2147483647;
			files = (
			);
			inputFileListPaths = (
				"${PODS_ROOT}/Target Support Files/Pods-KChatiOS-KChatiOSUITests/Pods-KChatiOS-KChatiOSUITests-frameworks-${CONFIGURATION}-input-files.xcfilelist",
			);
			name = "[CP] Embed Pods Frameworks";
			outputFileListPaths = (
				"${PODS_ROOT}/Target Support Files/Pods-KChatiOS-KChatiOSUITests/Pods-KChatiOS-KChatiOSUITests-frameworks-${CONFIGURATION}-output-files.xcfilelist",
			);
			runOnlyForDeploymentPostprocessing = 0;
			shellPath = /bin/sh;
			shellScript = "\"${PODS_ROOT}/Target Support Files/Pods-KChatiOS-KChatiOSUITests/Pods-KChatiOS-KChatiOSUITests-frameworks.sh\"\n";
			showEnvVarsInLog = 0;
		};
		9BFCE428F376F49B78B543D9 /* [CP] Check Pods Manifest.lock */ = {
			isa = PBXShellScriptBuildPhase;
			buildActionMask = 2147483647;
			files = (
			);
			inputFileListPaths = (
			);
			inputPaths = (
				"${PODS_PODFILE_DIR_PATH}/Podfile.lock",
				"${PODS_ROOT}/Manifest.lock",
			);
			name = "[CP] Check Pods Manifest.lock";
			outputFileListPaths = (
			);
			outputPaths = (
				"$(DERIVED_FILE_DIR)/Pods-KChatiOS-checkManifestLockResult.txt",
			);
			runOnlyForDeploymentPostprocessing = 0;
			shellPath = /bin/sh;
			shellScript = "diff \"${PODS_PODFILE_DIR_PATH}/Podfile.lock\" \"${PODS_ROOT}/Manifest.lock\" > /dev/null\nif [ $? != 0 ] ; then\n    # print error to STDERR\n    echo \"error: The sandbox is not in sync with the Podfile.lock. Run 'pod install' or update your CocoaPods installation.\" >&2\n    exit 1\nfi\n# This output is used by Xcode 'outputs' to avoid re-running this script phase.\necho \"SUCCESS\" > \"${SCRIPT_OUTPUT_FILE_0}\"\n";
			showEnvVarsInLog = 0;
		};
		DA2A316DF50F5E56186A4058 /* [CP] Check Pods Manifest.lock */ = {
			isa = PBXShellScriptBuildPhase;
			buildActionMask = 2147483647;
			files = (
			);
			inputFileListPaths = (
			);
			inputPaths = (
				"${PODS_PODFILE_DIR_PATH}/Podfile.lock",
				"${PODS_ROOT}/Manifest.lock",
			);
			name = "[CP] Check Pods Manifest.lock";
			outputFileListPaths = (
			);
			outputPaths = (
				"$(DERIVED_FILE_DIR)/Pods-KChatiOS-KChatiOSUITests-checkManifestLockResult.txt",
			);
			runOnlyForDeploymentPostprocessing = 0;
			shellPath = /bin/sh;
			shellScript = "diff \"${PODS_PODFILE_DIR_PATH}/Podfile.lock\" \"${PODS_ROOT}/Manifest.lock\" > /dev/null\nif [ $? != 0 ] ; then\n    # print error to STDERR\n    echo \"error: The sandbox is not in sync with the Podfile.lock. Run 'pod install' or update your CocoaPods installation.\" >&2\n    exit 1\nfi\n# This output is used by Xcode 'outputs' to avoid re-running this script phase.\necho \"SUCCESS\" > \"${SCRIPT_OUTPUT_FILE_0}\"\n";
			showEnvVarsInLog = 0;
		};
		EF023FDC1321D2CEB779B184 /* [CP] Embed Pods Frameworks */ = {
			isa = PBXShellScriptBuildPhase;
			buildActionMask = 2147483647;
			files = (
			);
			inputFileListPaths = (
				"${PODS_ROOT}/Target Support Files/Pods-KChatiOS/Pods-KChatiOS-frameworks-${CONFIGURATION}-input-files.xcfilelist",
			);
			name = "[CP] Embed Pods Frameworks";
			outputFileListPaths = (
				"${PODS_ROOT}/Target Support Files/Pods-KChatiOS/Pods-KChatiOS-frameworks-${CONFIGURATION}-output-files.xcfilelist",
			);
			runOnlyForDeploymentPostprocessing = 0;
			shellPath = /bin/sh;
			shellScript = "\"${PODS_ROOT}/Target Support Files/Pods-KChatiOS/Pods-KChatiOS-frameworks.sh\"\n";
			showEnvVarsInLog = 0;
		};
/* End PBXShellScriptBuildPhase section */

/* Begin PBXSourcesBuildPhase section */
		DB90004626B5030C003923DA /* Sources */ = {
			isa = PBXSourcesBuildPhase;
			buildActionMask = 2147483647;
			files = (
				DB90005226B5030C003923DA /* SettingsViewController.swift in Sources */,
				DBDFDDFC26D6F58E00E0D9E9 /* LocalUserPreferences.swift in Sources */,
				DB2D49C126BBC05800913A5E /* Presenter.swift in Sources */,
				DB90004E26B5030C003923DA /* AppDelegate.swift in Sources */,
				DB90005026B5030C003923DA /* SceneDelegate.swift in Sources */,
				DB90005826B5030C003923DA /* KChatiOS.xcdatamodeld in Sources */,
				DBDFDDF626D6EDC300E0D9E9 /* KChatComponent.swift in Sources */,
				DB2D49C726BBC2AE00913A5E /* BaseViewController.swift in Sources */,
				DB2D49BE26BBBFEA00913A5E /* SettingsPresenter.swift in Sources */,
				DBDFDDFA26D6F53C00E0D9E9 /* RemoteUserRepository.swift in Sources */,
			);
			runOnlyForDeploymentPostprocessing = 0;
		};
		DB90005F26B5030E003923DA /* Sources */ = {
			isa = PBXSourcesBuildPhase;
			buildActionMask = 2147483647;
			files = (
				DB90006826B5030E003923DA /* KChatiOSTests.swift in Sources */,
			);
			runOnlyForDeploymentPostprocessing = 0;
		};
		DB90006A26B5030E003923DA /* Sources */ = {
			isa = PBXSourcesBuildPhase;
			buildActionMask = 2147483647;
			files = (
				DB90007326B5030E003923DA /* KChatiOSUITests.swift in Sources */,
			);
			runOnlyForDeploymentPostprocessing = 0;
		};
/* End PBXSourcesBuildPhase section */

/* Begin PBXTargetDependency section */
		DB90006526B5030E003923DA /* PBXTargetDependency */ = {
			isa = PBXTargetDependency;
			target = DB90004926B5030C003923DA /* KChatiOS */;
			targetProxy = DB90006426B5030E003923DA /* PBXContainerItemProxy */;
		};
		DB90007026B5030E003923DA /* PBXTargetDependency */ = {
			isa = PBXTargetDependency;
			target = DB90004926B5030C003923DA /* KChatiOS */;
			targetProxy = DB90006F26B5030E003923DA /* PBXContainerItemProxy */;
		};
/* End PBXTargetDependency section */

/* Begin PBXVariantGroup section */
		DB90005326B5030C003923DA /* Main.storyboard */ = {
			isa = PBXVariantGroup;
			children = (
				DB90005426B5030C003923DA /* Base */,
			);
			name = Main.storyboard;
			sourceTree = "<group>";
		};
		DB90005B26B5030E003923DA /* LaunchScreen.storyboard */ = {
			isa = PBXVariantGroup;
			children = (
				DB90005C26B5030E003923DA /* Base */,
			);
			name = LaunchScreen.storyboard;
			sourceTree = "<group>";
		};
/* End PBXVariantGroup section */

/* Begin XCBuildConfiguration section */
		DB90007526B5030E003923DA /* Debug */ = {
			isa = XCBuildConfiguration;
			buildSettings = {
				ALWAYS_SEARCH_USER_PATHS = NO;
				CLANG_ANALYZER_NONNULL = YES;
				CLANG_ANALYZER_NUMBER_OBJECT_CONVERSION = YES_AGGRESSIVE;
				CLANG_CXX_LANGUAGE_STANDARD = "gnu++14";
				CLANG_CXX_LIBRARY = "libc++";
				CLANG_ENABLE_MODULES = YES;
				CLANG_ENABLE_OBJC_ARC = YES;
				CLANG_ENABLE_OBJC_WEAK = YES;
				CLANG_WARN_BLOCK_CAPTURE_AUTORELEASING = YES;
				CLANG_WARN_BOOL_CONVERSION = YES;
				CLANG_WARN_COMMA = YES;
				CLANG_WARN_CONSTANT_CONVERSION = YES;
				CLANG_WARN_DEPRECATED_OBJC_IMPLEMENTATIONS = YES;
				CLANG_WARN_DIRECT_OBJC_ISA_USAGE = YES_ERROR;
				CLANG_WARN_DOCUMENTATION_COMMENTS = YES;
				CLANG_WARN_EMPTY_BODY = YES;
				CLANG_WARN_ENUM_CONVERSION = YES;
				CLANG_WARN_INFINITE_RECURSION = YES;
				CLANG_WARN_INT_CONVERSION = YES;
				CLANG_WARN_NON_LITERAL_NULL_CONVERSION = YES;
				CLANG_WARN_OBJC_IMPLICIT_RETAIN_SELF = YES;
				CLANG_WARN_OBJC_LITERAL_CONVERSION = YES;
				CLANG_WARN_OBJC_ROOT_CLASS = YES_ERROR;
				CLANG_WARN_RANGE_LOOP_ANALYSIS = YES;
				CLANG_WARN_STRICT_PROTOTYPES = YES;
				CLANG_WARN_SUSPICIOUS_MOVE = YES;
				CLANG_WARN_UNGUARDED_AVAILABILITY = YES_AGGRESSIVE;
				CLANG_WARN_UNREACHABLE_CODE = YES;
				CLANG_WARN__DUPLICATE_METHOD_MATCH = YES;
				COPY_PHASE_STRIP = NO;
				DEBUG_INFORMATION_FORMAT = dwarf;
				ENABLE_STRICT_OBJC_MSGSEND = YES;
				ENABLE_TESTABILITY = YES;
				GCC_C_LANGUAGE_STANDARD = gnu11;
				GCC_DYNAMIC_NO_PIC = NO;
				GCC_NO_COMMON_BLOCKS = YES;
				GCC_OPTIMIZATION_LEVEL = 0;
				GCC_PREPROCESSOR_DEFINITIONS = (
					"DEBUG=1",
					"$(inherited)",
				);
				GCC_WARN_64_TO_32_BIT_CONVERSION = YES;
				GCC_WARN_ABOUT_RETURN_TYPE = YES_ERROR;
				GCC_WARN_UNDECLARED_SELECTOR = YES;
				GCC_WARN_UNINITIALIZED_AUTOS = YES_AGGRESSIVE;
				GCC_WARN_UNUSED_FUNCTION = YES;
				GCC_WARN_UNUSED_VARIABLE = YES;
				IPHONEOS_DEPLOYMENT_TARGET = 13.5;
				MTL_ENABLE_DEBUG_INFO = INCLUDE_SOURCE;
				MTL_FAST_MATH = YES;
				ONLY_ACTIVE_ARCH = YES;
				SDKROOT = iphoneos;
				SWIFT_ACTIVE_COMPILATION_CONDITIONS = DEBUG;
				SWIFT_OPTIMIZATION_LEVEL = "-Onone";
			};
			name = Debug;
		};
		DB90007626B5030E003923DA /* Release */ = {
			isa = XCBuildConfiguration;
			buildSettings = {
				ALWAYS_SEARCH_USER_PATHS = NO;
				CLANG_ANALYZER_NONNULL = YES;
				CLANG_ANALYZER_NUMBER_OBJECT_CONVERSION = YES_AGGRESSIVE;
				CLANG_CXX_LANGUAGE_STANDARD = "gnu++14";
				CLANG_CXX_LIBRARY = "libc++";
				CLANG_ENABLE_MODULES = YES;
				CLANG_ENABLE_OBJC_ARC = YES;
				CLANG_ENABLE_OBJC_WEAK = YES;
				CLANG_WARN_BLOCK_CAPTURE_AUTORELEASING = YES;
				CLANG_WARN_BOOL_CONVERSION = YES;
				CLANG_WARN_COMMA = YES;
				CLANG_WARN_CONSTANT_CONVERSION = YES;
				CLANG_WARN_DEPRECATED_OBJC_IMPLEMENTATIONS = YES;
				CLANG_WARN_DIRECT_OBJC_ISA_USAGE = YES_ERROR;
				CLANG_WARN_DOCUMENTATION_COMMENTS = YES;
				CLANG_WARN_EMPTY_BODY = YES;
				CLANG_WARN_ENUM_CONVERSION = YES;
				CLANG_WARN_INFINITE_RECURSION = YES;
				CLANG_WARN_INT_CONVERSION = YES;
				CLANG_WARN_NON_LITERAL_NULL_CONVERSION = YES;
				CLANG_WARN_OBJC_IMPLICIT_RETAIN_SELF = YES;
				CLANG_WARN_OBJC_LITERAL_CONVERSION = YES;
				CLANG_WARN_OBJC_ROOT_CLASS = YES_ERROR;
				CLANG_WARN_RANGE_LOOP_ANALYSIS = YES;
				CLANG_WARN_STRICT_PROTOTYPES = YES;
				CLANG_WARN_SUSPICIOUS_MOVE = YES;
				CLANG_WARN_UNGUARDED_AVAILABILITY = YES_AGGRESSIVE;
				CLANG_WARN_UNREACHABLE_CODE = YES;
				CLANG_WARN__DUPLICATE_METHOD_MATCH = YES;
				COPY_PHASE_STRIP = NO;
				DEBUG_INFORMATION_FORMAT = "dwarf-with-dsym";
				ENABLE_NS_ASSERTIONS = NO;
				ENABLE_STRICT_OBJC_MSGSEND = YES;
				GCC_C_LANGUAGE_STANDARD = gnu11;
				GCC_NO_COMMON_BLOCKS = YES;
				GCC_WARN_64_TO_32_BIT_CONVERSION = YES;
				GCC_WARN_ABOUT_RETURN_TYPE = YES_ERROR;
				GCC_WARN_UNDECLARED_SELECTOR = YES;
				GCC_WARN_UNINITIALIZED_AUTOS = YES_AGGRESSIVE;
				GCC_WARN_UNUSED_FUNCTION = YES;
				GCC_WARN_UNUSED_VARIABLE = YES;
				IPHONEOS_DEPLOYMENT_TARGET = 13.5;
				MTL_ENABLE_DEBUG_INFO = NO;
				MTL_FAST_MATH = YES;
				SDKROOT = iphoneos;
				SWIFT_COMPILATION_MODE = wholemodule;
				SWIFT_OPTIMIZATION_LEVEL = "-O";
				VALIDATE_PRODUCT = YES;
			};
			name = Release;
		};
		DB90007826B5030E003923DA /* Debug */ = {
			isa = XCBuildConfiguration;
			baseConfigurationReference = 10C7AD5CFBA4A16513E29207 /* Pods-KChatiOS.debug.xcconfig */;
			buildSettings = {
				ASSETCATALOG_COMPILER_APPICON_NAME = AppIcon;
				CODE_SIGN_STYLE = Automatic;
				INFOPLIST_FILE = KChatiOS/Info.plist;
				LD_RUNPATH_SEARCH_PATHS = (
					"$(inherited)",
					"@executable_path/Frameworks",
				);
				OTHER_LDFLAGS = (
					"$(inherited)",
					"-ObjC",
					"-l\"c++\"",
					"-framework",
					"\"AFNetworking\"",
					"-framework",
					"\"SwiftCoroutine\"",
					"-framework",
					"\"domain\"",
					"-framework",
					"\"multicore\"",
				);
				PRODUCT_BUNDLE_IDENTIFIER = ai.sterling.KChatiOS;
				PRODUCT_NAME = "$(TARGET_NAME)";
				SWIFT_VERSION = 5.0;
				TARGETED_DEVICE_FAMILY = "1,2";
			};
			name = Debug;
		};
		DB90007926B5030E003923DA /* Release */ = {
			isa = XCBuildConfiguration;
			baseConfigurationReference = B0F0873F77056466FEDD4BC8 /* Pods-KChatiOS.release.xcconfig */;
			buildSettings = {
				ASSETCATALOG_COMPILER_APPICON_NAME = AppIcon;
				CODE_SIGN_STYLE = Automatic;
				INFOPLIST_FILE = KChatiOS/Info.plist;
				LD_RUNPATH_SEARCH_PATHS = (
					"$(inherited)",
					"@executable_path/Frameworks",
				);
				OTHER_LDFLAGS = (
					"$(inherited)",
					"-ObjC",
					"-l\"c++\"",
					"-framework",
					"\"AFNetworking\"",
					"-framework",
					"\"SwiftCoroutine\"",
					"-framework",
					"\"domain\"",
					"-framework",
					"\"multicore\"",
				);
				PRODUCT_BUNDLE_IDENTIFIER = ai.sterling.KChatiOS;
				PRODUCT_NAME = "$(TARGET_NAME)";
				SWIFT_VERSION = 5.0;
				TARGETED_DEVICE_FAMILY = "1,2";
			};
			name = Release;
		};
		DB90007B26B5030E003923DA /* Debug */ = {
			isa = XCBuildConfiguration;
			baseConfigurationReference = A2857D505ED5C0F403CDB8EB /* Pods-KChatiOSTests.debug.xcconfig */;
			buildSettings = {
				ALWAYS_EMBED_SWIFT_STANDARD_LIBRARIES = YES;
				BUNDLE_LOADER = "$(TEST_HOST)";
				CODE_SIGN_STYLE = Automatic;
				INFOPLIST_FILE = KChatiOSTests/Info.plist;
				IPHONEOS_DEPLOYMENT_TARGET = 13.5;
				LD_RUNPATH_SEARCH_PATHS = (
					"$(inherited)",
					"@executable_path/Frameworks",
					"@loader_path/Frameworks",
				);
				PRODUCT_BUNDLE_IDENTIFIER = ai.sterling.KChatiOSTests;
				PRODUCT_NAME = "$(TARGET_NAME)";
				SWIFT_VERSION = 5.0;
				TARGETED_DEVICE_FAMILY = "1,2";
				TEST_HOST = "$(BUILT_PRODUCTS_DIR)/KChatiOS.app/KChatiOS";
			};
			name = Debug;
		};
		DB90007C26B5030E003923DA /* Release */ = {
			isa = XCBuildConfiguration;
			baseConfigurationReference = BCF3587E15B3C79BEBDFEB19 /* Pods-KChatiOSTests.release.xcconfig */;
			buildSettings = {
				ALWAYS_EMBED_SWIFT_STANDARD_LIBRARIES = YES;
				BUNDLE_LOADER = "$(TEST_HOST)";
				CODE_SIGN_STYLE = Automatic;
				INFOPLIST_FILE = KChatiOSTests/Info.plist;
				IPHONEOS_DEPLOYMENT_TARGET = 13.5;
				LD_RUNPATH_SEARCH_PATHS = (
					"$(inherited)",
					"@executable_path/Frameworks",
					"@loader_path/Frameworks",
				);
				PRODUCT_BUNDLE_IDENTIFIER = ai.sterling.KChatiOSTests;
				PRODUCT_NAME = "$(TARGET_NAME)";
				SWIFT_VERSION = 5.0;
				TARGETED_DEVICE_FAMILY = "1,2";
				TEST_HOST = "$(BUILT_PRODUCTS_DIR)/KChatiOS.app/KChatiOS";
			};
			name = Release;
		};
		DB90007E26B5030E003923DA /* Debug */ = {
			isa = XCBuildConfiguration;
			baseConfigurationReference = 96FD446F4A49FA698355DB9C /* Pods-KChatiOS-KChatiOSUITests.debug.xcconfig */;
			buildSettings = {
				ALWAYS_EMBED_SWIFT_STANDARD_LIBRARIES = YES;
				CODE_SIGN_STYLE = Automatic;
				INFOPLIST_FILE = KChatiOSUITests/Info.plist;
				LD_RUNPATH_SEARCH_PATHS = (
					"$(inherited)",
					"@executable_path/Frameworks",
					"@loader_path/Frameworks",
				);
				PRODUCT_BUNDLE_IDENTIFIER = ai.sterling.KChatiOSUITests;
				PRODUCT_NAME = "$(TARGET_NAME)";
				SWIFT_VERSION = 5.0;
				TARGETED_DEVICE_FAMILY = "1,2";
				TEST_TARGET_NAME = KChatiOS;
			};
			name = Debug;
		};
		DB90007F26B5030E003923DA /* Release */ = {
			isa = XCBuildConfiguration;
			baseConfigurationReference = BD8863B024627CD5FCF0E6C2 /* Pods-KChatiOS-KChatiOSUITests.release.xcconfig */;
			buildSettings = {
				ALWAYS_EMBED_SWIFT_STANDARD_LIBRARIES = YES;
				CODE_SIGN_STYLE = Automatic;
				INFOPLIST_FILE = KChatiOSUITests/Info.plist;
				LD_RUNPATH_SEARCH_PATHS = (
					"$(inherited)",
					"@executable_path/Frameworks",
					"@loader_path/Frameworks",
				);
				PRODUCT_BUNDLE_IDENTIFIER = ai.sterling.KChatiOSUITests;
				PRODUCT_NAME = "$(TARGET_NAME)";
				SWIFT_VERSION = 5.0;
				TARGETED_DEVICE_FAMILY = "1,2";
				TEST_TARGET_NAME = KChatiOS;
			};
			name = Release;
		};
/* End XCBuildConfiguration section */

/* Begin XCConfigurationList section */
		DB90004526B5030C003923DA /* Build configuration list for PBXProject "KChatiOS" */ = {
			isa = XCConfigurationList;
			buildConfigurations = (
				DB90007526B5030E003923DA /* Debug */,
				DB90007626B5030E003923DA /* Release */,
			);
			defaultConfigurationIsVisible = 0;
			defaultConfigurationName = Release;
		};
		DB90007726B5030E003923DA /* Build configuration list for PBXNativeTarget "KChatiOS" */ = {
			isa = XCConfigurationList;
			buildConfigurations = (
				DB90007826B5030E003923DA /* Debug */,
				DB90007926B5030E003923DA /* Release */,
			);
			defaultConfigurationIsVisible = 0;
			defaultConfigurationName = Release;
		};
		DB90007A26B5030E003923DA /* Build configuration list for PBXNativeTarget "KChatiOSTests" */ = {
			isa = XCConfigurationList;
			buildConfigurations = (
				DB90007B26B5030E003923DA /* Debug */,
				DB90007C26B5030E003923DA /* Release */,
			);
			defaultConfigurationIsVisible = 0;
			defaultConfigurationName = Release;
		};
		DB90007D26B5030E003923DA /* Build configuration list for PBXNativeTarget "KChatiOSUITests" */ = {
			isa = XCConfigurationList;
			buildConfigurations = (
				DB90007E26B5030E003923DA /* Debug */,
				DB90007F26B5030E003923DA /* Release */,
			);
			defaultConfigurationIsVisible = 0;
			defaultConfigurationName = Release;
		};
/* End XCConfigurationList section */

/* Begin XCVersionGroup section */
		DB90005626B5030C003923DA /* KChatiOS.xcdatamodeld */ = {
			isa = XCVersionGroup;
			children = (
				DB90005726B5030C003923DA /* KChatiOS.xcdatamodel */,
			);
			currentVersion = DB90005726B5030C003923DA /* KChatiOS.xcdatamodel */;
			path = KChatiOS.xcdatamodeld;
			sourceTree = "<group>";
			versionGroupType = wrapper.xcdatamodel;
		};
/* End XCVersionGroup section */
	};
	rootObject = DB90004226B5030C003923DA /* Project object */;
}
